<?xml version="1.0" encoding="utf-8"?>
<Project ToolsVersion="4.0" xmlns="http://schemas.microsoft.com/developer/msbuild/2003">
  <ItemGroup>
    <ClInclude Include="framework.h" />
    <ClInclude Include="pch.h" />
    <ClInclude Include="Public\Connection.h">
      <Filter>Public</Filter>
    </ClInclude>
    <ClInclude Include="Public\nanodbc.h">
      <Filter>Public</Filter>
    </ClInclude>
  </ItemGroup>
  <ItemGroup>
    <ClCompile Include="pch.cpp" />
    <ClCompile Include="Private\nanodbc.cpp">
      <Filter>Private</Filter>
    </ClCompile>
  </ItemGroup>
  <ItemGroup>
    <None Include="packages.config" />
  </ItemGroup>
  <ItemGroup>
    <Filter Include="Public">
      <UniqueIdentifier>{a248a52b-f301-42ec-85a3-5bb22d888804}</UniqueIdentifier>
    </Filter>
    <Filter Include="Private">
      <UniqueIdentifier>{def69b15-6730-466e-9175-62d1f747abfa}</UniqueIdentifier>
    </Filter>
  </ItemGroup>
</Project>