<?xml version="1.0" encoding="utf-8"?>
<Project ToolsVersion="4.0" xmlns="http://schemas.microsoft.com/developer/msbuild/2003">
  <ItemGroup>
    <Filter Include="Public">
      <UniqueIdentifier>{1c81098a-e5e6-41f5-ad80-c7705fefe181}</UniqueIdentifier>
    </Filter>
    <Filter Include="Private">
      <UniqueIdentifier>{f9eaec67-3561-48a2-be77-29963103b074}</UniqueIdentifier>
    </Filter>
  </ItemGroup>
  <ItemGroup>
    <ClInclude Include="Public\Session.h">
      <Filter>Public</Filter>
    </ClInclude>
    <ClInclude Include="Public\Handler.h">
      <Filter>Public</Filter>
    </ClInclude>
    <ClInclude Include="pch.h" />
    <ClInclude Include="framework.h" />
  </ItemGroup>
  <ItemGroup>
    <ClCompile Include="Private\Session.cpp">
      <Filter>Private</Filter>
    </ClCompile>
    <ClCompile Include="ProtobufHandler.cpp">
      <Filter>Private</Filter>
    </ClCompile>
    <ClCompile Include="Private\Handler.cpp">
      <Filter>Private</Filter>
    </ClCompile>
    <ClCompile Include="pch.cpp" />
  </ItemGroup>
  <ItemGroup>
    <None Include="packages.config" />
  </ItemGroup>
</Project>