<?xml version="1.0" encoding="utf-8"?>
<Project ToolsVersion="4.0" xmlns="http://schemas.microsoft.com/developer/msbuild/2003">
  <ItemGroup>
    <Filter Include="Public">
      <UniqueIdentifier>{5b1b55be-cee5-4eaa-bc10-2048dceccd08}</UniqueIdentifier>
    </Filter>
    <Filter Include="Private">
      <UniqueIdentifier>{bd69b534-21cf-4daa-b325-daac299587a8}</UniqueIdentifier>
    </Filter>
  </ItemGroup>
  <ItemGroup>
    <ClInclude Include="Public\Log.h">
      <Filter>Public</Filter>
    </ClInclude>
    <ClInclude Include="Public\Time.h">
      <Filter>Public</Filter>
    </ClInclude>
    <ClInclude Include="pch.h" />
    <ClInclude Include="framework.h" />
  </ItemGroup>
  <ItemGroup>
    <ClCompile Include="Private\Log.cpp">
      <Filter>Private</Filter>
    </ClCompile>
    <ClCompile Include="Utility.cpp">
      <Filter>Private</Filter>
    </ClCompile>
    <ClCompile Include="Private\Time.cpp">
      <Filter>Private</Filter>
    </ClCompile>
    <ClCompile Include="pch.cpp" />
  </ItemGroup>
  <ItemGroup>
    <None Include="packages.config" />
  </ItemGroup>
</Project>